{
  "name": "urgpt",
  "lockfileVersion": 2,
  "requires": true,
  "packages": {
    "": {
      "dependencies": {
        "@urbit/api": "^2.3.0"
      }
    },
    "node_modules/@babel/runtime": {
      "version": "7.21.0",
      "resolved": "https://registry.npmjs.org/@babel/runtime/-/runtime-7.21.0.tgz",
      "integrity": "sha512-xwII0//EObnq89Ji5AKYQaRYiW/nZ3llSv29d49IuxPhKbtJoLP+9QUUZ4nVragQVtaVGeZrpB+ZtG/Pdy/POw==",
      "dependencies": {
        "regenerator-runtime": "^0.13.11"
      },
      "engines": {
        "node": ">=6.9.0"
      }
    },
    "node_modules/@urbit/api": {
      "version": "2.3.0",
      "resolved": "https://registry.npmjs.org/@urbit/api/-/api-2.3.0.tgz",
      "integrity": "sha512-uC0GyerFy6WaFHkgauvuJ55in2AUAJgCv/bHPOiwOKbdJQF4QgMaECn5gu/7n3d1/RGdNPaKw28nh0GCZ0AQKA==",
      "dependencies": {
        "@babel/runtime": "^7.16.0",
        "big-integer": "^1.6.48",
        "core-js": "^3.19.1",
        "immer": "^9.0.1",
        "urbit-ob": "^5.0.1"
      }
    },
    "node_modules/big-integer": {
      "version": "1.6.51",
      "resolved": "https://registry.npmjs.org/big-integer/-/big-integer-1.6.51.tgz",
      "integrity": "sha512-GPEid2Y9QU1Exl1rpO9B2IPJGHPSupF5GnVIP0blYvNOMer2bTvSWs1jGOUg04hTmu67nmLsQ9TBo1puaotBHg==",
      "engines": {
        "node": ">=0.6"
      }
    },
    "node_modules/bn.js": {
      "version": "4.12.0",
      "resolved": "https://registry.npmjs.org/bn.js/-/bn.js-4.12.0.tgz",
      "integrity": "sha512-c98Bf3tPniI+scsdk237ku1Dc3ujXQTSgyiPUDEOe7tRkhrqridvh8klBv0HCEso1OLOYcHuCv/cS6DNxKH+ZA=="
    },
    "node_modules/core-js": {
      "version": "3.30.0",
      "resolved": "https://registry.npmjs.org/core-js/-/core-js-3.30.0.tgz",
      "integrity": "sha512-hQotSSARoNh1mYPi9O2YaWeiq/cEB95kOrFb4NCrO4RIFt1qqNpKsaE+vy/L3oiqvND5cThqXzUU3r9F7Efztg==",
      "hasInstallScript": true,
      "funding": {
        "type": "opencollective",
        "url": "https://opencollective.com/core-js"
      }
    },
    "node_modules/immer": {
      "version": "9.0.21",
      "resolved": "https://registry.npmjs.org/immer/-/immer-9.0.21.tgz",
      "integrity": "sha512-bc4NBHqOqSfRW7POMkHd51LvClaeMXpm8dx0e8oE2GORbq5aRK7Bxl4FyzVLdGtLmvLKL7BTDBG5ACQm4HWjTA==",
      "funding": {
        "type": "opencollective",
        "url": "https://opencollective.com/immer"
      }
    },
    "node_modules/lodash.chunk": {
      "version": "4.2.0",
      "resolved": "https://registry.npmjs.org/lodash.chunk/-/lodash.chunk-4.2.0.tgz",
      "integrity": "sha512-ZzydJKfUHJwHa+hF5X66zLFCBrWn5GeF28OHEr4WVWtNDXlQ/IjWKPBiikqKo2ne0+v6JgCgJ0GzJp8k8bHC7w=="
    },
    "node_modules/lodash.isequal": {
      "version": "4.5.0",
      "resolved": "https://registry.npmjs.org/lodash.isequal/-/lodash.isequal-4.5.0.tgz",
      "integrity": "sha512-pDo3lu8Jhfjqls6GkMgpahsF9kCyayhgykjyLMNFTKWrpVdAQtYyB4muAMWozBB4ig/dtWAmsMxLEI8wuz+DYQ=="
    },
    "node_modules/regenerator-runtime": {
      "version": "0.13.11",
      "resolved": "https://registry.npmjs.org/regenerator-runtime/-/regenerator-runtime-0.13.11.tgz",
      "integrity": "sha512-kY1AZVr2Ra+t+piVaJ4gxaFaReZVH40AKNo7UCX6W+dEwBo/2oZJzqfuN1qLq1oL45o56cPaTXELwrTh8Fpggg=="
    },
    "node_modules/urbit-ob": {
      "version": "5.0.1",
      "resolved": "https://registry.npmjs.org/urbit-ob/-/urbit-ob-5.0.1.tgz",
      "integrity": "sha512-qGNAwu87XNkW3g8ah4fUwmh2EKXtsdhEbyEiE5qX4Op17rhLH3HSkvu8g9z+MhqX51Uz9sf8ktvqJj/IRwETIQ==",
      "dependencies": {
        "bn.js": "^4.11.8",
        "lodash.chunk": "^4.2.0",
        "lodash.isequal": "^4.5.0"
      }
    }
  },
  "dependencies": {
    "@babel/runtime": {
      "version": "7.21.0",
      "resolved": "https://registry.npmjs.org/@babel/runtime/-/runtime-7.21.0.tgz",
      "integrity": "sha512-xwII0//EObnq89Ji5AKYQaRYiW/nZ3llSv29d49IuxPhKbtJoLP+9QUUZ4nVragQVtaVGeZrpB+ZtG/Pdy/POw==",
      "requires": {
        "regenerator-runtime": "^0.13.11"
      }
    },
    "@urbit/api": {
      "version": "2.3.0",
      "resolved": "https://registry.npmjs.org/@urbit/api/-/api-2.3.0.tgz",
      "integrity": "sha512-uC0GyerFy6WaFHkgauvuJ55in2AUAJgCv/bHPOiwOKbdJQF4QgMaECn5gu/7n3d1/RGdNPaKw28nh0GCZ0AQKA==",
      "requires": {
        "@babel/runtime": "^7.16.0",
        "big-integer": "^1.6.48",
        "core-js": "^3.19.1",
        "immer": "^9.0.1",
        "urbit-ob": "^5.0.1"
      }
    },
    "big-integer": {
      "version": "1.6.51",
      "resolved": "https://registry.npmjs.org/big-integer/-/big-integer-1.6.51.tgz",
      "integrity": "sha512-GPEid2Y9QU1Exl1rpO9B2IPJGHPSupF5GnVIP0blYvNOMer2bTvSWs1jGOUg04hTmu67nmLsQ9TBo1puaotBHg=="
    },
    "bn.js": {
      "version": "4.12.0",
      "resolved": "https://registry.npmjs.org/bn.js/-/bn.js-4.12.0.tgz",
      "integrity": "sha512-c98Bf3tPniI+scsdk237ku1Dc3ujXQTSgyiPUDEOe7tRkhrqridvh8klBv0HCEso1OLOYcHuCv/cS6DNxKH+ZA=="
    },
    "core-js": {
      "version": "3.30.0",
      "resolved": "https://registry.npmjs.org/core-js/-/core-js-3.30.0.tgz",
      "integrity": "sha512-hQotSSARoNh1mYPi9O2YaWeiq/cEB95kOrFb4NCrO4RIFt1qqNpKsaE+vy/L3oiqvND5cThqXzUU3r9F7Efztg=="
    },
    "immer": {
      "version": "9.0.21",
      "resolved": "https://registry.npmjs.org/immer/-/immer-9.0.21.tgz",
      "integrity": "sha512-bc4NBHqOqSfRW7POMkHd51LvClaeMXpm8dx0e8oE2GORbq5aRK7Bxl4FyzVLdGtLmvLKL7BTDBG5ACQm4HWjTA=="
    },
    "lodash.chunk": {
      "version": "4.2.0",
      "resolved": "https://registry.npmjs.org/lodash.chunk/-/lodash.chunk-4.2.0.tgz",
      "integrity": "sha512-ZzydJKfUHJwHa+hF5X66zLFCBrWn5GeF28OHEr4WVWtNDXlQ/IjWKPBiikqKo2ne0+v6JgCgJ0GzJp8k8bHC7w=="
    },
    "lodash.isequal": {
      "version": "4.5.0",
      "resolved": "https://registry.npmjs.org/lodash.isequal/-/lodash.isequal-4.5.0.tgz",
      "integrity": "sha512-pDo3lu8Jhfjqls6GkMgpahsF9kCyayhgykjyLMNFTKWrpVdAQtYyB4muAMWozBB4ig/dtWAmsMxLEI8wuz+DYQ=="
    },
    "regenerator-runtime": {
      "version": "0.13.11",
      "resolved": "https://registry.npmjs.org/regenerator-runtime/-/regenerator-runtime-0.13.11.tgz",
      "integrity": "sha512-kY1AZVr2Ra+t+piVaJ4gxaFaReZVH40AKNo7UCX6W+dEwBo/2oZJzqfuN1qLq1oL45o56cPaTXELwrTh8Fpggg=="
    },
    "urbit-ob": {
      "version": "5.0.1",
      "resolved": "https://registry.npmjs.org/urbit-ob/-/urbit-ob-5.0.1.tgz",
      "integrity": "sha512-qGNAwu87XNkW3g8ah4fUwmh2EKXtsdhEbyEiE5qX4Op17rhLH3HSkvu8g9z+MhqX51Uz9sf8ktvqJj/IRwETIQ==",
      "requires": {
        "bn.js": "^4.11.8",
        "lodash.chunk": "^4.2.0",
        "lodash.isequal": "^4.5.0"
      }
    }
  }
}
